// !$*UTF8*$!
{
	archiveVersion = 1;
	classes = {
	};
	objectVersion = 46;
	objects = {

/* Begin PBXBuildFile section */
		19066CDD1CB70896005A4969 /* MaterialButton2.swift in Sources */ = {isa = PBXBuildFile; fileRef = 19066CDC1CB70896005A4969 /* MaterialButton2.swift */; };
		1916DB8E1CB1E3090040ABD6 /* MaterialLabel.swift in Sources */ = {isa = PBXBuildFile; fileRef = 1916DB8D1CB1E3090040ABD6 /* MaterialLabel.swift */; };
		1958FD1A1C4F370300DAA53F /* RegisterVC.swift in Sources */ = {isa = PBXBuildFile; fileRef = 1958FD191C4F370300DAA53F /* RegisterVC.swift */; };
		1975DA781C4B2F650085F1FD /* User.swift in Sources */ = {isa = PBXBuildFile; fileRef = 1975DA771C4B2F650085F1FD /* User.swift */; };
		1975DA7A1C4D052B0085F1FD /* Main.storyboard in Resources */ = {isa = PBXBuildFile; fileRef = 1975DA791C4D052B0085F1FD /* Main.storyboard */; };
		197CB9881C6BB06D0020E37A /* PassTouchesScrollView.swift in Sources */ = {isa = PBXBuildFile; fileRef = 197CB9871C6BB06D0020E37A /* PassTouchesScrollView.swift */; };
		1981C02D1C4722B9004F7F74 /* AppDelegate.swift in Sources */ = {isa = PBXBuildFile; fileRef = 1981C02C1C4722B9004F7F74 /* AppDelegate.swift */; };
		1981C02F1C4722B9004F7F74 /* ViewController.swift in Sources */ = {isa = PBXBuildFile; fileRef = 1981C02E1C4722B9004F7F74 /* ViewController.swift */; };
		1981C0351C4722B9004F7F74 /* shawn_showcase.xcdatamodeld in Sources */ = {isa = PBXBuildFile; fileRef = 1981C0331C4722B9004F7F74 /* shawn_showcase.xcdatamodeld */; };
		1981C0371C4722B9004F7F74 /* Assets.xcassets in Resources */ = {isa = PBXBuildFile; fileRef = 1981C0361C4722B9004F7F74 /* Assets.xcassets */; };
		1981C03A1C4722B9004F7F74 /* LaunchScreen.storyboard in Resources */ = {isa = PBXBuildFile; fileRef = 1981C0381C4722B9004F7F74 /* LaunchScreen.storyboard */; };
		1981C0491C472312004F7F74 /* NotoSans-Bold.ttf in Resources */ = {isa = PBXBuildFile; fileRef = 1981C0451C472312004F7F74 /* NotoSans-Bold.ttf */; };
		1981C04A1C472312004F7F74 /* NotoSans-BoldItalic.ttf in Resources */ = {isa = PBXBuildFile; fileRef = 1981C0461C472312004F7F74 /* NotoSans-BoldItalic.ttf */; };
		1981C04B1C472312004F7F74 /* NotoSans-Italic.ttf in Resources */ = {isa = PBXBuildFile; fileRef = 1981C0471C472312004F7F74 /* NotoSans-Italic.ttf */; };
		1981C04C1C472312004F7F74 /* NotoSans-Regular.ttf in Resources */ = {isa = PBXBuildFile; fileRef = 1981C0481C472312004F7F74 /* NotoSans-Regular.ttf */; };
		1981C0561C472751004F7F74 /* MaterialView.swift in Sources */ = {isa = PBXBuildFile; fileRef = 1981C0551C472751004F7F74 /* MaterialView.swift */; };
		1981C0591C472799004F7F74 /* Constants.swift in Sources */ = {isa = PBXBuildFile; fileRef = 1981C0581C472799004F7F74 /* Constants.swift */; };
		1981C05B1C472B19004F7F74 /* MaterialButton.swift in Sources */ = {isa = PBXBuildFile; fileRef = 1981C05A1C472B19004F7F74 /* MaterialButton.swift */; };
		1981C05D1C472FCC004F7F74 /* MaterialTextField.swift in Sources */ = {isa = PBXBuildFile; fileRef = 1981C05C1C472FCC004F7F74 /* MaterialTextField.swift */; };
		1981C0621C477C4D004F7F74 /* Bolts.framework in Frameworks */ = {isa = PBXBuildFile; fileRef = 1981C05F1C477C4D004F7F74 /* Bolts.framework */; };
		1981C0631C477C4D004F7F74 /* FBSDKCoreKit.framework in Frameworks */ = {isa = PBXBuildFile; fileRef = 1981C0601C477C4D004F7F74 /* FBSDKCoreKit.framework */; };
		1981C0641C477C4D004F7F74 /* FBSDKLoginKit.framework in Frameworks */ = {isa = PBXBuildFile; fileRef = 1981C0611C477C4D004F7F74 /* FBSDKLoginKit.framework */; };
		1981C0671C482019004F7F74 /* DataService.swift in Sources */ = {isa = PBXBuildFile; fileRef = 1981C0661C482019004F7F74 /* DataService.swift */; };
		1981C0691C48425D004F7F74 /* FeedVC.swift in Sources */ = {isa = PBXBuildFile; fileRef = 1981C0681C48425D004F7F74 /* FeedVC.swift */; };
		1981C06D1C4843E6004F7F74 /* PostCellTableViewCell.swift in Sources */ = {isa = PBXBuildFile; fileRef = 1981C06C1C4843E6004F7F74 /* PostCellTableViewCell.swift */; };
		1981C06F1C48D07A004F7F74 /* Post.swift in Sources */ = {isa = PBXBuildFile; fileRef = 1981C06E1C48D07A004F7F74 /* Post.swift */; };
		1995C0A41CD0024D00CEC6CA /* EULAVC.swift in Sources */ = {isa = PBXBuildFile; fileRef = 1995C0A31CD0024D00CEC6CA /* EULAVC.swift */; };
		199CD2331C597319007E05C1 /* RoundView.swift in Sources */ = {isa = PBXBuildFile; fileRef = 199CD2321C597319007E05C1 /* RoundView.swift */; };
		19B82CD31D4ECC2700EBC746 /* GoogleService-Info.plist in Resources */ = {isa = PBXBuildFile; fileRef = 19B82CD21D4ECC2700EBC746 /* GoogleService-Info.plist */; };
		19B82CD51D4EE5E500EBC746 /* Helper.swift in Sources */ = {isa = PBXBuildFile; fileRef = 19B82CD41D4EE5E500EBC746 /* Helper.swift */; };
		19D6AA731C4A0C2100BF77C2 /* UsernameVCViewController.swift in Sources */ = {isa = PBXBuildFile; fileRef = 19D6AA721C4A0C2100BF77C2 /* UsernameVCViewController.swift */; };
		19E3084F1C614DD3009B16E8 /* MaterialTextField2.swift in Sources */ = {isa = PBXBuildFile; fileRef = 19E3084E1C614DD3009B16E8 /* MaterialTextField2.swift */; };
		CABE3A3C1EA003F500E4F3D1 /* Settings.storyboard in Resources */ = {isa = PBXBuildFile; fileRef = CABE3A3B1EA003F500E4F3D1 /* Settings.storyboard */; };
		CB5A1B65F6C949B3CBAA97DD /* Pods_shawn_showcase.framework in Frameworks */ = {isa = PBXBuildFile; fileRef = BF34D1B9D0E6BE7DF4641D65 /* Pods_shawn_showcase.framework */; };
/* End PBXBuildFile section */

/* Begin PBXFileReference section */
		19066CDC1CB70896005A4969 /* MaterialButton2.swift */ = {isa = PBXFileReference; fileEncoding = 4; lastKnownFileType = sourcecode.swift; path = MaterialButton2.swift; sourceTree = "<group>"; };
		1916DB8D1CB1E3090040ABD6 /* MaterialLabel.swift */ = {isa = PBXFileReference; fileEncoding = 4; lastKnownFileType = sourcecode.swift; path = MaterialLabel.swift; sourceTree = "<group>"; };
		1958FD191C4F370300DAA53F /* RegisterVC.swift */ = {isa = PBXFileReference; fileEncoding = 4; lastKnownFileType = sourcecode.swift; path = RegisterVC.swift; sourceTree = "<group>"; };
		1975DA771C4B2F650085F1FD /* User.swift */ = {isa = PBXFileReference; fileEncoding = 4; lastKnownFileType = sourcecode.swift; path = User.swift; sourceTree = "<group>"; };
		1975DA791C4D052B0085F1FD /* Main.storyboard */ = {isa = PBXFileReference; fileEncoding = 4; lastKnownFileType = file.storyboard; path = Main.storyboard; sourceTree = "<group>"; };
		197CB9871C6BB06D0020E37A /* PassTouchesScrollView.swift */ = {isa = PBXFileReference; fileEncoding = 4; lastKnownFileType = sourcecode.swift; path = PassTouchesScrollView.swift; sourceTree = "<group>"; };
		1981C0291C4722B9004F7F74 /* shawn-showcase.app */ = {isa = PBXFileReference; explicitFileType = wrapper.application; includeInIndex = 0; path = "shawn-showcase.app"; sourceTree = BUILT_PRODUCTS_DIR; };
		1981C02C1C4722B9004F7F74 /* AppDelegate.swift */ = {isa = PBXFileReference; lastKnownFileType = sourcecode.swift; path = AppDelegate.swift; sourceTree = "<group>"; };
		1981C02E1C4722B9004F7F74 /* ViewController.swift */ = {isa = PBXFileReference; lastKnownFileType = sourcecode.swift; path = ViewController.swift; sourceTree = "<group>"; };
		1981C0341C4722B9004F7F74 /* shawn_showcase.xcdatamodel */ = {isa = PBXFileReference; lastKnownFileType = wrapper.xcdatamodel; path = shawn_showcase.xcdatamodel; sourceTree = "<group>"; };
		1981C0361C4722B9004F7F74 /* Assets.xcassets */ = {isa = PBXFileReference; lastKnownFileType = folder.assetcatalog; path = Assets.xcassets; sourceTree = "<group>"; };
		1981C0391C4722B9004F7F74 /* Base */ = {isa = PBXFileReference; lastKnownFileType = file.storyboard; name = Base; path = Base.lproj/LaunchScreen.storyboard; sourceTree = "<group>"; };
		1981C03B1C4722B9004F7F74 /* Info.plist */ = {isa = PBXFileReference; lastKnownFileType = text.plist.xml; path = Info.plist; sourceTree = "<group>"; };
		1981C0451C472312004F7F74 /* NotoSans-Bold.ttf */ = {isa = PBXFileReference; lastKnownFileType = file; path = "NotoSans-Bold.ttf"; sourceTree = "<group>"; };
		1981C0461C472312004F7F74 /* NotoSans-BoldItalic.ttf */ = {isa = PBXFileReference; lastKnownFileType = file; path = "NotoSans-BoldItalic.ttf"; sourceTree = "<group>"; };
		1981C0471C472312004F7F74 /* NotoSans-Italic.ttf */ = {isa = PBXFileReference; lastKnownFileType = file; path = "NotoSans-Italic.ttf"; sourceTree = "<group>"; };
		1981C0481C472312004F7F74 /* NotoSans-Regular.ttf */ = {isa = PBXFileReference; lastKnownFileType = file; path = "NotoSans-Regular.ttf"; sourceTree = "<group>"; };
		1981C0551C472751004F7F74 /* MaterialView.swift */ = {isa = PBXFileReference; fileEncoding = 4; lastKnownFileType = sourcecode.swift; path = MaterialView.swift; sourceTree = "<group>"; };
		1981C0581C472799004F7F74 /* Constants.swift */ = {isa = PBXFileReference; fileEncoding = 4; lastKnownFileType = sourcecode.swift; path = Constants.swift; sourceTree = "<group>"; };
		1981C05A1C472B19004F7F74 /* MaterialButton.swift */ = {isa = PBXFileReference; fileEncoding = 4; lastKnownFileType = sourcecode.swift; path = MaterialButton.swift; sourceTree = "<group>"; };
		1981C05C1C472FCC004F7F74 /* MaterialTextField.swift */ = {isa = PBXFileReference; fileEncoding = 4; lastKnownFileType = sourcecode.swift; path = MaterialTextField.swift; sourceTree = "<group>"; };
		1981C05F1C477C4D004F7F74 /* Bolts.framework */ = {isa = PBXFileReference; lastKnownFileType = wrapper.framework; path = Bolts.framework; sourceTree = "<group>"; };
		1981C0601C477C4D004F7F74 /* FBSDKCoreKit.framework */ = {isa = PBXFileReference; lastKnownFileType = wrapper.framework; path = FBSDKCoreKit.framework; sourceTree = "<group>"; };
		1981C0611C477C4D004F7F74 /* FBSDKLoginKit.framework */ = {isa = PBXFileReference; lastKnownFileType = wrapper.framework; path = FBSDKLoginKit.framework; sourceTree = "<group>"; };
		1981C0661C482019004F7F74 /* DataService.swift */ = {isa = PBXFileReference; fileEncoding = 4; lastKnownFileType = sourcecode.swift; path = DataService.swift; sourceTree = "<group>"; };
		1981C0681C48425D004F7F74 /* FeedVC.swift */ = {isa = PBXFileReference; fileEncoding = 4; lastKnownFileType = sourcecode.swift; path = FeedVC.swift; sourceTree = "<group>"; };
		1981C06C1C4843E6004F7F74 /* PostCellTableViewCell.swift */ = {isa = PBXFileReference; fileEncoding = 4; lastKnownFileType = sourcecode.swift; path = PostCellTableViewCell.swift; sourceTree = "<group>"; };
		1981C06E1C48D07A004F7F74 /* Post.swift */ = {isa = PBXFileReference; fileEncoding = 4; lastKnownFileType = sourcecode.swift; path = Post.swift; sourceTree = "<group>"; };
		1995C0A31CD0024D00CEC6CA /* EULAVC.swift */ = {isa = PBXFileReference; fileEncoding = 4; lastKnownFileType = sourcecode.swift; path = EULAVC.swift; sourceTree = "<group>"; };
		199CD2321C597319007E05C1 /* RoundView.swift */ = {isa = PBXFileReference; fileEncoding = 4; lastKnownFileType = sourcecode.swift; path = RoundView.swift; sourceTree = "<group>"; };
		19B82CD21D4ECC2700EBC746 /* GoogleService-Info.plist */ = {isa = PBXFileReference; fileEncoding = 4; lastKnownFileType = text.plist.xml; path = "GoogleService-Info.plist"; sourceTree = "<group>"; };
		19B82CD41D4EE5E500EBC746 /* Helper.swift */ = {isa = PBXFileReference; fileEncoding = 4; lastKnownFileType = sourcecode.swift; path = Helper.swift; sourceTree = "<group>"; };
		19D6AA721C4A0C2100BF77C2 /* UsernameVCViewController.swift */ = {isa = PBXFileReference; fileEncoding = 4; lastKnownFileType = sourcecode.swift; path = UsernameVCViewController.swift; sourceTree = "<group>"; };
		19E3084E1C614DD3009B16E8 /* MaterialTextField2.swift */ = {isa = PBXFileReference; fileEncoding = 4; lastKnownFileType = sourcecode.swift; path = MaterialTextField2.swift; sourceTree = "<group>"; };
		A2DE0A4D7C6B4C21E1C4E256 /* Pods-shawn-showcase.debug.xcconfig */ = {isa = PBXFileReference; includeInIndex = 1; lastKnownFileType = text.xcconfig; name = "Pods-shawn-showcase.debug.xcconfig"; path = "Pods/Target Support Files/Pods-shawn-showcase/Pods-shawn-showcase.debug.xcconfig"; sourceTree = "<group>"; };
		BF34D1B9D0E6BE7DF4641D65 /* Pods_shawn_showcase.framework */ = {isa = PBXFileReference; explicitFileType = wrapper.framework; includeInIndex = 0; path = Pods_shawn_showcase.framework; sourceTree = BUILT_PRODUCTS_DIR; };
		CABE3A3B1EA003F500E4F3D1 /* Settings.storyboard */ = {isa = PBXFileReference; fileEncoding = 4; lastKnownFileType = file.storyboard; path = Settings.storyboard; sourceTree = "<group>"; };
		FE5AE166AB890AF8A3E2AE14 /* Pods-shawn-showcase.release.xcconfig */ = {isa = PBXFileReference; includeInIndex = 1; lastKnownFileType = text.xcconfig; name = "Pods-shawn-showcase.release.xcconfig"; path = "Pods/Target Support Files/Pods-shawn-showcase/Pods-shawn-showcase.release.xcconfig"; sourceTree = "<group>"; };
/* End PBXFileReference section */

/* Begin PBXFrameworksBuildPhase section */
		1981C0261C4722B9004F7F74 /* Frameworks */ = {
			isa = PBXFrameworksBuildPhase;
			buildActionMask = 2147483647;
			files = (
				1981C0621C477C4D004F7F74 /* Bolts.framework in Frameworks */,
				1981C0631C477C4D004F7F74 /* FBSDKCoreKit.framework in Frameworks */,
				1981C0641C477C4D004F7F74 /* FBSDKLoginKit.framework in Frameworks */,
				CB5A1B65F6C949B3CBAA97DD /* Pods_shawn_showcase.framework in Frameworks */,
			);
			runOnlyForDeploymentPostprocessing = 0;
		};
/* End PBXFrameworksBuildPhase section */

/* Begin PBXGroup section */
		1981C0201C4722B9004F7F74 = {
			isa = PBXGroup;
			children = (
				1981C02B1C4722B9004F7F74 /* shawn-showcase */,
				1981C02A1C4722B9004F7F74 /* Products */,
				1ACD6023E9E87383A407FC28 /* Pods */,
				93BEFA9F274A9FC31A953C59 /* Frameworks */,
			);
			sourceTree = "<group>";
		};
		1981C02A1C4722B9004F7F74 /* Products */ = {
			isa = PBXGroup;
			children = (
				1981C0291C4722B9004F7F74 /* shawn-showcase.app */,
			);
			name = Products;
			sourceTree = "<group>";
		};
		1981C02B1C4722B9004F7F74 /* shawn-showcase */ = {
			isa = PBXGroup;
			children = (
				19B82CD21D4ECC2700EBC746 /* GoogleService-Info.plist */,
				1981C0651C481FFD004F7F74 /* Services */,
				1981C05E1C477C3C004F7F74 /* Frameworks */,
				1981C0571C472789004F7F74 /* Util */,
				1981C0441C4722DA004F7F74 /* Resources */,
				1981C0431C4722D5004F7F74 /* Model */,
				1981C0421C4722D0004F7F74 /* View */,
				1981C0411C4722C7004F7F74 /* Controller */,
				1981C02C1C4722B9004F7F74 /* AppDelegate.swift */,
				1981C0361C4722B9004F7F74 /* Assets.xcassets */,
				1981C0381C4722B9004F7F74 /* LaunchScreen.storyboard */,
				1981C03B1C4722B9004F7F74 /* Info.plist */,
				1981C0331C4722B9004F7F74 /* shawn_showcase.xcdatamodeld */,
			);
			path = "shawn-showcase";
			sourceTree = "<group>";
		};
		1981C0411C4722C7004F7F74 /* Controller */ = {
			isa = PBXGroup;
			children = (
				1981C0681C48425D004F7F74 /* FeedVC.swift */,
				1981C02E1C4722B9004F7F74 /* ViewController.swift */,
				19D6AA721C4A0C2100BF77C2 /* UsernameVCViewController.swift */,
				1958FD191C4F370300DAA53F /* RegisterVC.swift */,
				1995C0A31CD0024D00CEC6CA /* EULAVC.swift */,
			);
			name = Controller;
			sourceTree = "<group>";
		};
		1981C0421C4722D0004F7F74 /* View */ = {
			isa = PBXGroup;
			children = (
				CABE3A381EA0034D00E4F3D1 /* Storyboards */,
				1981C0551C472751004F7F74 /* MaterialView.swift */,
				1981C05A1C472B19004F7F74 /* MaterialButton.swift */,
				1981C05C1C472FCC004F7F74 /* MaterialTextField.swift */,
				1981C06C1C4843E6004F7F74 /* PostCellTableViewCell.swift */,
				199CD2321C597319007E05C1 /* RoundView.swift */,
				19E3084E1C614DD3009B16E8 /* MaterialTextField2.swift */,
				197CB9871C6BB06D0020E37A /* PassTouchesScrollView.swift */,
				1916DB8D1CB1E3090040ABD6 /* MaterialLabel.swift */,
				19066CDC1CB70896005A4969 /* MaterialButton2.swift */,
			);
			name = View;
			sourceTree = "<group>";
		};
		1981C0431C4722D5004F7F74 /* Model */ = {
			isa = PBXGroup;
			children = (
				1981C06E1C48D07A004F7F74 /* Post.swift */,
				1975DA771C4B2F650085F1FD /* User.swift */,
			);
			name = Model;
			sourceTree = "<group>";
		};
		1981C0441C4722DA004F7F74 /* Resources */ = {
			isa = PBXGroup;
			children = (
				1981C0451C472312004F7F74 /* NotoSans-Bold.ttf */,
				1981C0461C472312004F7F74 /* NotoSans-BoldItalic.ttf */,
				1981C0471C472312004F7F74 /* NotoSans-Italic.ttf */,
				1981C0481C472312004F7F74 /* NotoSans-Regular.ttf */,
			);
			name = Resources;
			sourceTree = "<group>";
		};
		1981C0571C472789004F7F74 /* Util */ = {
			isa = PBXGroup;
			children = (
				1981C0581C472799004F7F74 /* Constants.swift */,
				19B82CD41D4EE5E500EBC746 /* Helper.swift */,
			);
			name = Util;
			sourceTree = "<group>";
		};
		1981C05E1C477C3C004F7F74 /* Frameworks */ = {
			isa = PBXGroup;
			children = (
				1981C05F1C477C4D004F7F74 /* Bolts.framework */,
				1981C0601C477C4D004F7F74 /* FBSDKCoreKit.framework */,
				1981C0611C477C4D004F7F74 /* FBSDKLoginKit.framework */,
			);
			name = Frameworks;
			sourceTree = "<group>";
		};
		1981C0651C481FFD004F7F74 /* Services */ = {
			isa = PBXGroup;
			children = (
				1981C0661C482019004F7F74 /* DataService.swift */,
			);
			name = Services;
			sourceTree = "<group>";
		};
		1ACD6023E9E87383A407FC28 /* Pods */ = {
			isa = PBXGroup;
			children = (
				A2DE0A4D7C6B4C21E1C4E256 /* Pods-shawn-showcase.debug.xcconfig */,
				FE5AE166AB890AF8A3E2AE14 /* Pods-shawn-showcase.release.xcconfig */,
			);
			name = Pods;
			sourceTree = "<group>";
		};
		93BEFA9F274A9FC31A953C59 /* Frameworks */ = {
			isa = PBXGroup;
			children = (
				BF34D1B9D0E6BE7DF4641D65 /* Pods_shawn_showcase.framework */,
			);
			name = Frameworks;
			sourceTree = "<group>";
		};
		CABE3A381EA0034D00E4F3D1 /* Storyboards */ = {
			isa = PBXGroup;
			children = (
				1975DA791C4D052B0085F1FD /* Main.storyboard */,
				CABE3A3B1EA003F500E4F3D1 /* Settings.storyboard */,
			);
			name = Storyboards;
			sourceTree = "<group>";
		};
/* End PBXGroup section */

/* Begin PBXNativeTarget section */
		1981C0281C4722B9004F7F74 /* shawn-showcase */ = {
			isa = PBXNativeTarget;
			buildConfigurationList = 1981C03E1C4722B9004F7F74 /* Build configuration list for PBXNativeTarget "shawn-showcase" */;
			buildPhases = (
				C79F451AFB2CC071A39C806A /* [CP] Check Pods Manifest.lock */,
				1981C0251C4722B9004F7F74 /* Sources */,
				1981C0261C4722B9004F7F74 /* Frameworks */,
				1981C0271C4722B9004F7F74 /* Resources */,
				F0BD43E920E298696B54A55D /* [CP] Embed Pods Frameworks */,
				B156636174BB3DA416A14922 /* [CP] Copy Pods Resources */,
			);
			buildRules = (
			);
			dependencies = (
			);
			name = "shawn-showcase";
			productName = "shawn-showcase";
			productReference = 1981C0291C4722B9004F7F74 /* shawn-showcase.app */;
			productType = "com.apple.product-type.application";
		};
/* End PBXNativeTarget section */

/* Begin PBXProject section */
		1981C0211C4722B9004F7F74 /* Project object */ = {
			isa = PBXProject;
			attributes = {
				LastSwiftUpdateCheck = 0720;
				LastUpgradeCheck = 0820;
				ORGANIZATIONNAME = Shawn;
				TargetAttributes = {
					1981C0281C4722B9004F7F74 = {
						CreatedOnToolsVersion = 7.2;
						DevelopmentTeam = ZXS9ZP9K6N;
						LastSwiftMigration = 0820;
						ProvisioningStyle = Automatic;
					};
				};
			};
			buildConfigurationList = 1981C0241C4722B9004F7F74 /* Build configuration list for PBXProject "shawn-showcase" */;
			compatibilityVersion = "Xcode 3.2";
			developmentRegion = English;
			hasScannedForEncodings = 0;
			knownRegions = (
				en,
				Base,
			);
			mainGroup = 1981C0201C4722B9004F7F74;
			productRefGroup = 1981C02A1C4722B9004F7F74 /* Products */;
			projectDirPath = "";
			projectRoot = "";
			targets = (
				1981C0281C4722B9004F7F74 /* shawn-showcase */,
			);
		};
/* End PBXProject section */

/* Begin PBXResourcesBuildPhase section */
		1981C0271C4722B9004F7F74 /* Resources */ = {
			isa = PBXResourcesBuildPhase;
			buildActionMask = 2147483647;
			files = (
				1975DA7A1C4D052B0085F1FD /* Main.storyboard in Resources */,
				1981C0491C472312004F7F74 /* NotoSans-Bold.ttf in Resources */,
				1981C03A1C4722B9004F7F74 /* LaunchScreen.storyboard in Resources */,
				1981C04A1C472312004F7F74 /* NotoSans-BoldItalic.ttf in Resources */,
				1981C04B1C472312004F7F74 /* NotoSans-Italic.ttf in Resources */,
				1981C0371C4722B9004F7F74 /* Assets.xcassets in Resources */,
				CABE3A3C1EA003F500E4F3D1 /* Settings.storyboard in Resources */,
				1981C04C1C472312004F7F74 /* NotoSans-Regular.ttf in Resources */,
				19B82CD31D4ECC2700EBC746 /* GoogleService-Info.plist in Resources */,
			);
			runOnlyForDeploymentPostprocessing = 0;
		};
/* End PBXResourcesBuildPhase section */

/* Begin PBXShellScriptBuildPhase section */
		B156636174BB3DA416A14922 /* [CP] Copy Pods Resources */ = {
			isa = PBXShellScriptBuildPhase;
			buildActionMask = 2147483647;
			files = (
			);
			inputPaths = (
			);
			name = "[CP] Copy Pods Resources";
			outputPaths = (
			);
			runOnlyForDeploymentPostprocessing = 0;
			shellPath = /bin/sh;
			shellScript = "\"${SRCROOT}/Pods/Target Support Files/Pods-shawn-showcase/Pods-shawn-showcase-resources.sh\"\n";
			showEnvVarsInLog = 0;
		};
		C79F451AFB2CC071A39C806A /* [CP] Check Pods Manifest.lock */ = {
			isa = PBXShellScriptBuildPhase;
			buildActionMask = 2147483647;
			files = (
			);
			inputPaths = (
			);
			name = "[CP] Check Pods Manifest.lock";
			outputPaths = (
			);
			runOnlyForDeploymentPostprocessing = 0;
			shellPath = /bin/sh;
			shellScript = "diff \"${PODS_ROOT}/../Podfile.lock\" \"${PODS_ROOT}/Manifest.lock\" > /dev/null\nif [ $? != 0 ] ; then\n    # print error to STDERR\n    echo \"error: The sandbox is not in sync with the Podfile.lock. Run 'pod install' or update your CocoaPods installation.\" >&2\n    exit 1\nfi\n";
			showEnvVarsInLog = 0;
		};
		F0BD43E920E298696B54A55D /* [CP] Embed Pods Frameworks */ = {
			isa = PBXShellScriptBuildPhase;
			buildActionMask = 2147483647;
			files = (
			);
			inputPaths = (
			);
			name = "[CP] Embed Pods Frameworks";
			outputPaths = (
			);
			runOnlyForDeploymentPostprocessing = 0;
			shellPath = /bin/sh;
			shellScript = "\"${SRCROOT}/Pods/Target Support Files/Pods-shawn-showcase/Pods-shawn-showcase-frameworks.sh\"\n";
			showEnvVarsInLog = 0;
		};
/* End PBXShellScriptBuildPhase section */

/* Begin PBXSourcesBuildPhase section */
		1981C0251C4722B9004F7F74 /* Sources */ = {
			isa = PBXSourcesBuildPhase;
			buildActionMask = 2147483647;
			files = (
				1975DA781C4B2F650085F1FD /* User.swift in Sources */,
				1981C0691C48425D004F7F74 /* FeedVC.swift in Sources */,
				1981C06F1C48D07A004F7F74 /* Post.swift in Sources */,
				1981C0591C472799004F7F74 /* Constants.swift in Sources */,
				197CB9881C6BB06D0020E37A /* PassTouchesScrollView.swift in Sources */,
				19066CDD1CB70896005A4969 /* MaterialButton2.swift in Sources */,
				1995C0A41CD0024D00CEC6CA /* EULAVC.swift in Sources */,
				199CD2331C597319007E05C1 /* RoundView.swift in Sources */,
				19B82CD51D4EE5E500EBC746 /* Helper.swift in Sources */,
				1981C02F1C4722B9004F7F74 /* ViewController.swift in Sources */,
				1981C06D1C4843E6004F7F74 /* PostCellTableViewCell.swift in Sources */,
				19D6AA731C4A0C2100BF77C2 /* UsernameVCViewController.swift in Sources */,
				1981C05B1C472B19004F7F74 /* MaterialButton.swift in Sources */,
				1981C0351C4722B9004F7F74 /* shawn_showcase.xcdatamodeld in Sources */,
				1981C02D1C4722B9004F7F74 /* AppDelegate.swift in Sources */,
				1916DB8E1CB1E3090040ABD6 /* MaterialLabel.swift in Sources */,
				1981C0561C472751004F7F74 /* MaterialView.swift in Sources */,
				1958FD1A1C4F370300DAA53F /* RegisterVC.swift in Sources */,
				19E3084F1C614DD3009B16E8 /* MaterialTextField2.swift in Sources */,
				1981C05D1C472FCC004F7F74 /* MaterialTextField.swift in Sources */,
				1981C0671C482019004F7F74 /* DataService.swift in Sources */,
			);
			runOnlyForDeploymentPostprocessing = 0;
		};
/* End PBXSourcesBuildPhase section */

/* Begin PBXVariantGroup section */
		1981C0381C4722B9004F7F74 /* LaunchScreen.storyboard */ = {
			isa = PBXVariantGroup;
			children = (
				1981C0391C4722B9004F7F74 /* Base */,
			);
			name = LaunchScreen.storyboard;
			sourceTree = "<group>";
		};
/* End PBXVariantGroup section */

/* Begin XCBuildConfiguration section */
		1981C03C1C4722B9004F7F74 /* Debug */ = {
			isa = XCBuildConfiguration;
			buildSettings = {
				ALWAYS_SEARCH_USER_PATHS = NO;
				CLANG_CXX_LANGUAGE_STANDARD = "gnu++0x";
				CLANG_CXX_LIBRARY = "libc++";
				CLANG_ENABLE_MODULES = YES;
				CLANG_ENABLE_OBJC_ARC = YES;
				CLANG_WARN_BOOL_CONVERSION = YES;
				CLANG_WARN_CONSTANT_CONVERSION = YES;
				CLANG_WARN_DIRECT_OBJC_ISA_USAGE = YES_ERROR;
				CLANG_WARN_EMPTY_BODY = YES;
				CLANG_WARN_ENUM_CONVERSION = YES;
				CLANG_WARN_INFINITE_RECURSION = YES;
				CLANG_WARN_INT_CONVERSION = YES;
				CLANG_WARN_OBJC_ROOT_CLASS = YES_ERROR;
				CLANG_WARN_SUSPICIOUS_MOVE = YES;
				CLANG_WARN_UNREACHABLE_CODE = YES;
				CLANG_WARN__DUPLICATE_METHOD_MATCH = YES;
				CODE_SIGN_IDENTITY = "";
				"CODE_SIGN_IDENTITY[sdk=iphoneos*]" = "iPhone Developer";
				COPY_PHASE_STRIP = NO;
				DEBUG_INFORMATION_FORMAT = dwarf;
				ENABLE_STRICT_OBJC_MSGSEND = YES;
				ENABLE_TESTABILITY = YES;
				GCC_C_LANGUAGE_STANDARD = gnu99;
				GCC_DYNAMIC_NO_PIC = NO;
				GCC_NO_COMMON_BLOCKS = YES;
				GCC_OPTIMIZATION_LEVEL = 0;
				GCC_PREPROCESSOR_DEFINITIONS = (
					"DEBUG=1",
					"$(inherited)",
				);
				GCC_WARN_64_TO_32_BIT_CONVERSION = YES;
				GCC_WARN_ABOUT_RETURN_TYPE = YES_ERROR;
				GCC_WARN_UNDECLARED_SELECTOR = YES;
				GCC_WARN_UNINITIALIZED_AUTOS = YES_AGGRESSIVE;
				GCC_WARN_UNUSED_FUNCTION = YES;
				GCC_WARN_UNUSED_VARIABLE = YES;
				IPHONEOS_DEPLOYMENT_TARGET = 10.0;
				MTL_ENABLE_DEBUG_INFO = YES;
				ONLY_ACTIVE_ARCH = YES;
				PROVISIONING_PROFILE = "f9a7a174-a17b-4d2d-a6c8-41dc37727683";
				SDKROOT = iphoneos;
				SWIFT_OPTIMIZATION_LEVEL = "-Onone";
				TARGETED_DEVICE_FAMILY = "1,2";
			};
			name = Debug;
		};
		1981C03D1C4722B9004F7F74 /* Release */ = {
			isa = XCBuildConfiguration;
			buildSettings = {
				ALWAYS_SEARCH_USER_PATHS = NO;
				CLANG_CXX_LANGUAGE_STANDARD = "gnu++0x";
				CLANG_CXX_LIBRARY = "libc++";
				CLANG_ENABLE_MODULES = YES;
				CLANG_ENABLE_OBJC_ARC = YES;
				CLANG_WARN_BOOL_CONVERSION = YES;
				CLANG_WARN_CONSTANT_CONVERSION = YES;
				CLANG_WARN_DIRECT_OBJC_ISA_USAGE = YES_ERROR;
				CLANG_WARN_EMPTY_BODY = YES;
				CLANG_WARN_ENUM_CONVERSION = YES;
				CLANG_WARN_INFINITE_RECURSION = YES;
				CLANG_WARN_INT_CONVERSION = YES;
				CLANG_WARN_OBJC_ROOT_CLASS = YES_ERROR;
				CLANG_WARN_SUSPICIOUS_MOVE = YES;
				CLANG_WARN_UNREACHABLE_CODE = YES;
				CLANG_WARN__DUPLICATE_METHOD_MATCH = YES;
				CODE_SIGN_IDENTITY = "";
				"CODE_SIGN_IDENTITY[sdk=iphoneos*]" = "iPhone Developer";
				COPY_PHASE_STRIP = NO;
				DEBUG_INFORMATION_FORMAT = "dwarf-with-dsym";
				ENABLE_NS_ASSERTIONS = NO;
				ENABLE_STRICT_OBJC_MSGSEND = YES;
				GCC_C_LANGUAGE_STANDARD = gnu99;
				GCC_NO_COMMON_BLOCKS = YES;
				GCC_WARN_64_TO_32_BIT_CONVERSION = YES;
				GCC_WARN_ABOUT_RETURN_TYPE = YES_ERROR;
				GCC_WARN_UNDECLARED_SELECTOR = YES;
				GCC_WARN_UNINITIALIZED_AUTOS = YES_AGGRESSIVE;
				GCC_WARN_UNUSED_FUNCTION = YES;
				GCC_WARN_UNUSED_VARIABLE = YES;
				IPHONEOS_DEPLOYMENT_TARGET = 10.0;
				MTL_ENABLE_DEBUG_INFO = NO;
				PROVISIONING_PROFILE = "f9a7a174-a17b-4d2d-a6c8-41dc37727683";
				SDKROOT = iphoneos;
				SWIFT_OPTIMIZATION_LEVEL = "-Owholemodule";
				TARGETED_DEVICE_FAMILY = "1,2";
				VALIDATE_PRODUCT = YES;
			};
			name = Release;
		};
		1981C03F1C4722B9004F7F74 /* Debug */ = {
			isa = XCBuildConfiguration;
			baseConfigurationReference = A2DE0A4D7C6B4C21E1C4E256 /* Pods-shawn-showcase.debug.xcconfig */;
			buildSettings = {
				ALWAYS_EMBED_SWIFT_STANDARD_LIBRARIES = "$(inherited)";
				ASSETCATALOG_COMPILER_APPICON_NAME = AppIcon;
				CODE_SIGN_IDENTITY = "iPhone Developer";
				"CODE_SIGN_IDENTITY[sdk=iphoneos*]" = "iPhone Developer";
				CODE_SIGN_STYLE = Automatic;
				DEVELOPMENT_TEAM = "";
				ENABLE_BITCODE = NO;
				FRAMEWORK_SEARCH_PATHS = (
					"$(inherited)",
					"$(PROJECT_DIR)/shawn-showcase",
				);
				INFOPLIST_FILE = "shawn-showcase/Info.plist";
				IPHONEOS_DEPLOYMENT_TARGET = 10.0;
				LD_RUNPATH_SEARCH_PATHS = "$(inherited) @executable_path/Frameworks";
				PRODUCT_BUNDLE_IDENTIFIER = com.Post.Me.Fun;
				PRODUCT_NAME = "$(TARGET_NAME)";
				PROVISIONING_PROFILE = "f947217f-9ba4-47a1-8dd0-d75cd31ff75f";
				PROVISIONING_PROFILE_SPECIFIER = "";
				SWIFT_VERSION = 3.0;
				TARGETED_DEVICE_FAMILY = 1;
			};
			name = Debug;
		};
		1981C0401C4722B9004F7F74 /* Release */ = {
			isa = XCBuildConfiguration;
			baseConfigurationReference = FE5AE166AB890AF8A3E2AE14 /* Pods-shawn-showcase.release.xcconfig */;
			buildSettings = {
				ALWAYS_EMBED_SWIFT_STANDARD_LIBRARIES = "$(inherited)";
				ASSETCATALOG_COMPILER_APPICON_NAME = AppIcon;
				CODE_SIGN_IDENTITY = "iPhone Developer";
				"CODE_SIGN_IDENTITY[sdk=iphoneos*]" = "iPhone Developer";
				CODE_SIGN_STYLE = Automatic;
				DEVELOPMENT_TEAM = "";
				ENABLE_BITCODE = NO;
				FRAMEWORK_SEARCH_PATHS = (
					"$(inherited)",
					"$(PROJECT_DIR)/shawn-showcase",
				);
				INFOPLIST_FILE = "shawn-showcase/Info.plist";
				IPHONEOS_DEPLOYMENT_TARGET = 10.0;
				LD_RUNPATH_SEARCH_PATHS = "$(inherited) @executable_path/Frameworks";
				PRODUCT_BUNDLE_IDENTIFIER = com.Post.Me.Fun;
				PRODUCT_NAME = "$(TARGET_NAME)";
				PROVISIONING_PROFILE = "";
				PROVISIONING_PROFILE_SPECIFIER = "";
				SWIFT_VERSION = 3.0;
				TARGETED_DEVICE_FAMILY = 1;
			};
			name = Release;
		};
/* End XCBuildConfiguration section */

/* Begin XCConfigurationList section */
		1981C0241C4722B9004F7F74 /* Build configuration list for PBXProject "shawn-showcase" */ = {
			isa = XCConfigurationList;
			buildConfigurations = (
				1981C03C1C4722B9004F7F74 /* Debug */,
				1981C03D1C4722B9004F7F74 /* Release */,
			);
			defaultConfigurationIsVisible = 0;
			defaultConfigurationName = Release;
		};
		1981C03E1C4722B9004F7F74 /* Build configuration list for PBXNativeTarget "shawn-showcase" */ = {
			isa = XCConfigurationList;
			buildConfigurations = (
				1981C03F1C4722B9004F7F74 /* Debug */,
				1981C0401C4722B9004F7F74 /* Release */,
			);
			defaultConfigurationIsVisible = 0;
			defaultConfigurationName = Release;
		};
/* End XCConfigurationList section */

/* Begin XCVersionGroup section */
		1981C0331C4722B9004F7F74 /* shawn_showcase.xcdatamodeld */ = {
			isa = XCVersionGroup;
			children = (
				1981C0341C4722B9004F7F74 /* shawn_showcase.xcdatamodel */,
			);
			currentVersion = 1981C0341C4722B9004F7F74 /* shawn_showcase.xcdatamodel */;
			path = shawn_showcase.xcdatamodeld;
			sourceTree = "<group>";
			versionGroupType = wrapper.xcdatamodel;
		};
/* End XCVersionGroup section */
	};
	rootObject = 1981C0211C4722B9004F7F74 /* Project object */;
}
